
Microsoft Visual Studio Solution File, Format Version 12.00
# Visual Studio 15
Project("{FAE04EC0-301F-11D3-BF4B-00C04F79EFBC}") = "Fairytale", "Fairytale\Fairytale.csproj", "{D43CB742-FAD8-427C-BA2C-68DBC9A366FC}"
EndProject
Global
	GlobalSection(SolutionConfigurationPlatforms) = preSolution
		Debug|x86 = Debug|x86
		Release|x86 = Release|x86
	EndGlobalSection
	GlobalSection(ProjectConfigurationPlatforms) = postSolution
		{D43CB742-FAD8-427C-BA2C-68DBC9A366FC}.Debug|x86.ActiveCfg = Debug|x86
		{D43CB742-FAD8-427C-BA2C-68DBC9A366FC}.Debug|x86.Build.0 = Debug|x86
		{D43CB742-FAD8-427C-BA2C-68DBC9A366FC}.Release|x86.ActiveCfg = Release|x86
		{D43CB742-FAD8-427C-BA2C-68DBC9A366FC}.Release|x86.Build.0 = Release|x86
	EndGlobalSection
EndGlobal
